
Microsoft Visual Studio Solution File, Format Version 12.00
# Visual Studio Version 16
VisualStudioVersion = 16.0.33801.447
MinimumVisualStudioVersion = 10.0.40219.1
Project("{FAE04EC0-301F-11D3-BF4B-00C04F79EFBC}") = "Project", "Project.csproj", "{E1B56BF6-AC10-496D-84B3-D4571C3515EB}"
EndProject
Global
	GlobalSection(SolutionConfigurationPlatforms) = preSolution
		Debug|Any CPU = Debug|Any CPU
		Release|Any CPU = Release|Any CPU
	EndGlobalSection
	GlobalSection(ProjectConfigurationPlatforms) = postSolution
		{E1B56BF6-AC10-496D-84B3-D4571C3515EB}.Debug|Any CPU.ActiveCfg = Debug|Any CPU
		{E1B56BF6-AC10-496D-84B3-D4571C3515EB}.Debug|Any CPU.Build.0 = Debug|Any CPU
		{E1B56BF6-AC10-496D-84B3-D4571C3515EB}.Release|Any CPU.ActiveCfg = Release|Any CPU
		{E1B56BF6-AC10-496D-84B3-D4571C3515EB}.Release|Any CPU.Build.0 = Release|Any CPU
	EndGlobalSection
	GlobalSection(SolutionProperties) = preSolution
		HideSolutionNode = FALSE
	EndGlobalSection
	GlobalSection(ExtensibilityGlobals) = postSolution
		SolutionGuid = {B407183D-5744-4291-BE14-FBC3AF0803DE}
	EndGlobalSection
EndGlobal
